
Microsoft Visual Studio Solution File, Format Version 12.00
# Visual Studio Version 16
VisualStudioVersion = 16.0.32106.194
MinimumVisualStudioVersion = 10.0.40219.1
Project("{FAE04EC0-301F-11D3-BF4B-00C04F79EFBC}") = "RaspPiProjectUI", "RaspPiProjectUI\RaspPiProjectUI.csproj", "{B15129A6-5A40-401B-BBDF-F540F1652604}"
EndProject
Global
	GlobalSection(SolutionConfigurationPlatforms) = preSolution
		Debug|Any CPU = Debug|Any CPU
		Release|Any CPU = Release|Any CPU
	EndGlobalSection
	GlobalSection(ProjectConfigurationPlatforms) = postSolution
		{B15129A6-5A40-401B-BBDF-F540F1652604}.Debug|Any CPU.ActiveCfg = Debug|Any CPU
		{B15129A6-5A40-401B-BBDF-F540F1652604}.Debug|Any CPU.Build.0 = Debug|Any CPU
		{B15129A6-5A40-401B-BBDF-F540F1652604}.Release|Any CPU.ActiveCfg = Release|Any CPU
		{B15129A6-5A40-401B-BBDF-F540F1652604}.Release|Any CPU.Build.0 = Release|Any CPU
	EndGlobalSection
	GlobalSection(SolutionProperties) = preSolution
		HideSolutionNode = FALSE
	EndGlobalSection
	GlobalSection(ExtensibilityGlobals) = postSolution
		SolutionGuid = {F7EF2185-1702-4D19-BC46-A6BA8D5A2961}
	EndGlobalSection
EndGlobal
